
Microsoft Visual Studio Solution File, Format Version 12.00
# Visual Studio Version 17
VisualStudioVersion = 17.3.32804.467
MinimumVisualStudioVersion = 10.0.40219.1
Project("{FAE04EC0-301F-11D3-BF4B-00C04F79EFBC}") = "Farid.Bookstore", "Farid.Bookstore\Farid.Bookstore.csproj", "{97911770-F894-44C4-90EA-39204AA00DB7}"
EndProject
Global
	GlobalSection(SolutionConfigurationPlatforms) = preSolution
		Debug|Any CPU = Debug|Any CPU
		Release|Any CPU = Release|Any CPU
	EndGlobalSection
	GlobalSection(ProjectConfigurationPlatforms) = postSolution
		{97911770-F894-44C4-90EA-39204AA00DB7}.Debug|Any CPU.ActiveCfg = Debug|Any CPU
		{97911770-F894-44C4-90EA-39204AA00DB7}.Debug|Any CPU.Build.0 = Debug|Any CPU
		{97911770-F894-44C4-90EA-39204AA00DB7}.Release|Any CPU.ActiveCfg = Release|Any CPU
		{97911770-F894-44C4-90EA-39204AA00DB7}.Release|Any CPU.Build.0 = Release|Any CPU
	EndGlobalSection
	GlobalSection(SolutionProperties) = preSolution
		HideSolutionNode = FALSE
	EndGlobalSection
	GlobalSection(ExtensibilityGlobals) = postSolution
		SolutionGuid = {81D3650F-2D92-4438-BC9A-9CAF65EA797F}
	EndGlobalSection
EndGlobal
